// !$*UTF8*$!
{
	archiveVersion = 1;
	classes = {
	};
	objectVersion = 77;
	objects = {

/* Begin PBXBuildFile section */
		0C7DFAD6DA55C5CFA8BB04ED /* ContentView.swift in Sources */ = {isa = PBXBuildFile; fileRef = F3DAA8333A89FEB3A9954DD6 /* ContentView.swift */; };
		2D100B05B71F7D0BF9EDB78E /* NotificationService.swift in Sources */ = {isa = PBXBuildFile; fileRef = 66DC1367451D3060AD2ADEAC /* NotificationService.swift */; };
		2D50D1BC925E68EF3AAB4C0E /* MovementSettingsView.swift in Sources */ = {isa = PBXBuildFile; fileRef = 06C154754907F423A6F5ECB3 /* MovementSettingsView.swift */; };
		40D7299D802D58CD81088BB6 /* MetroTripState.swift in Sources */ = {isa = PBXBuildFile; fileRef = 43B98CFDE82A93ADF8A57FCB /* MetroTripState.swift */; };
		4FE4B7D5A619E9A3C255D02E /* MapContentView.swift in Sources */ = {isa = PBXBuildFile; fileRef = E0C416A9690EA5DEBE5C4784 /* MapContentView.swift */; };
		60466D3225B82933E5C98507 /* Assets.xcassets in Resources */ = {isa = PBXBuildFile; fileRef = 4DAE224E25AB5C6325640083 /* Assets.xcassets */; };
		6FD5402AA4B21C8588F762FF /* SettingsView.swift in Sources */ = {isa = PBXBuildFile; fileRef = A46816E662033897D01B62A6 /* SettingsView.swift */; };
		A3270A9E3DBDF7B9D145F2FA /* SplashScreen.swift in Sources */ = {isa = PBXBuildFile; fileRef = B764777F71F980FF1A1C6979 /* SplashScreen.swift */; };
		A6285064E544E4C9C9F2A585 /* LocationService.swift in Sources */ = {isa = PBXBuildFile; fileRef = 76AE715724C3018308461364 /* LocationService.swift */; };
		ACF3D20FDB85920502E664CA /* MetroSenseApp.swift in Sources */ = {isa = PBXBuildFile; fileRef = 4B860E1311A218F9535E0D19 /* MetroSenseApp.swift */; };
		BDEA8D9D10B51FD3CB63E79E /* ProximitySettingsView.swift in Sources */ = {isa = PBXBuildFile; fileRef = 033B28468695ABC40411E0EF /* ProximitySettingsView.swift */; };
		C4F154BC3A49FB5E2314FF35 /* MetroLine.swift in Sources */ = {isa = PBXBuildFile; fileRef = FCADA81F1831CC5803DB2113 /* MetroLine.swift */; };
		C628CB165B841562784910FB /* NotificationSettings.swift in Sources */ = {isa = PBXBuildFile; fileRef = EE37611856ABD7622C0C3BA8 /* NotificationSettings.swift */; };
		D99B99377918DDD079839B54 /* StationFilterPickerView.swift in Sources */ = {isa = PBXBuildFile; fileRef = BE943D5532AC0FE89616930E /* StationFilterPickerView.swift */; };
		E9F1EEBE43C0CB9188C774F4 /* TestNotificationsView.swift in Sources */ = {isa = PBXBuildFile; fileRef = 679D07887772747157738ED3 /* TestNotificationsView.swift */; };
		EB37E135E77FCACF2C70C068 /* MetroStation.swift in Sources */ = {isa = PBXBuildFile; fileRef = 20AEC0F64175BB303AD89638 /* MetroStation.swift */; };
		FE5E1C6BB9ABAD0DAD64FF26 /* MetroViewModel.swift in Sources */ = {isa = PBXBuildFile; fileRef = 5B8BAB1520BB64FF777D1E86 /* MetroViewModel.swift */; };
/* End PBXBuildFile section */

/* Begin PBXFileReference section */
		033B28468695ABC40411E0EF /* ProximitySettingsView.swift */ = {isa = PBXFileReference; lastKnownFileType = sourcecode.swift; path = ProximitySettingsView.swift; sourceTree = "<group>"; };
		06C154754907F423A6F5ECB3 /* MovementSettingsView.swift */ = {isa = PBXFileReference; lastKnownFileType = sourcecode.swift; path = MovementSettingsView.swift; sourceTree = "<group>"; };
		20AEC0F64175BB303AD89638 /* MetroStation.swift */ = {isa = PBXFileReference; lastKnownFileType = sourcecode.swift; path = MetroStation.swift; sourceTree = "<group>"; };
		43B98CFDE82A93ADF8A57FCB /* MetroTripState.swift */ = {isa = PBXFileReference; lastKnownFileType = sourcecode.swift; path = MetroTripState.swift; sourceTree = "<group>"; };
		4B860E1311A218F9535E0D19 /* MetroSenseApp.swift */ = {isa = PBXFileReference; lastKnownFileType = sourcecode.swift; path = MetroSenseApp.swift; sourceTree = "<group>"; };
		4D3821658957C4C13DBF697D /* Info.plist */ = {isa = PBXFileReference; lastKnownFileType = text.plist; path = Info.plist; sourceTree = "<group>"; };
		4DAE224E25AB5C6325640083 /* Assets.xcassets */ = {isa = PBXFileReference; lastKnownFileType = folder.assetcatalog; path = Assets.xcassets; sourceTree = "<group>"; };
		5B8BAB1520BB64FF777D1E86 /* MetroViewModel.swift */ = {isa = PBXFileReference; lastKnownFileType = sourcecode.swift; path = MetroViewModel.swift; sourceTree = "<group>"; };
		66DC1367451D3060AD2ADEAC /* NotificationService.swift */ = {isa = PBXFileReference; lastKnownFileType = sourcecode.swift; path = NotificationService.swift; sourceTree = "<group>"; };
		679D07887772747157738ED3 /* TestNotificationsView.swift */ = {isa = PBXFileReference; lastKnownFileType = sourcecode.swift; path = TestNotificationsView.swift; sourceTree = "<group>"; };
		76AE715724C3018308461364 /* LocationService.swift */ = {isa = PBXFileReference; lastKnownFileType = sourcecode.swift; path = LocationService.swift; sourceTree = "<group>"; };
		9C2421502AA5169B997BE291 /* MetroSense.app */ = {isa = PBXFileReference; explicitFileType = wrapper.application; includeInIndex = 0; path = MetroSense.app; sourceTree = BUILT_PRODUCTS_DIR; };
		A46816E662033897D01B62A6 /* SettingsView.swift */ = {isa = PBXFileReference; lastKnownFileType = sourcecode.swift; path = SettingsView.swift; sourceTree = "<group>"; };
		B764777F71F980FF1A1C6979 /* SplashScreen.swift */ = {isa = PBXFileReference; lastKnownFileType = sourcecode.swift; path = SplashScreen.swift; sourceTree = "<group>"; };
		BE943D5532AC0FE89616930E /* StationFilterPickerView.swift */ = {isa = PBXFileReference; lastKnownFileType = sourcecode.swift; path = StationFilterPickerView.swift; sourceTree = "<group>"; };
		E0C416A9690EA5DEBE5C4784 /* MapContentView.swift */ = {isa = PBXFileReference; lastKnownFileType = sourcecode.swift; path = MapContentView.swift; sourceTree = "<group>"; };
		EE37611856ABD7622C0C3BA8 /* NotificationSettings.swift */ = {isa = PBXFileReference; lastKnownFileType = sourcecode.swift; path = NotificationSettings.swift; sourceTree = "<group>"; };
		F3DAA8333A89FEB3A9954DD6 /* ContentView.swift */ = {isa = PBXFileReference; lastKnownFileType = sourcecode.swift; path = ContentView.swift; sourceTree = "<group>"; };
		FCADA81F1831CC5803DB2113 /* MetroLine.swift */ = {isa = PBXFileReference; lastKnownFileType = sourcecode.swift; path = MetroLine.swift; sourceTree = "<group>"; };
/* End PBXFileReference section */

/* Begin PBXGroup section */
		5727435CA9049B94A139E287 /* Models */ = {
			isa = PBXGroup;
			children = (
				FCADA81F1831CC5803DB2113 /* MetroLine.swift */,
				20AEC0F64175BB303AD89638 /* MetroStation.swift */,
				43B98CFDE82A93ADF8A57FCB /* MetroTripState.swift */,
				EE37611856ABD7622C0C3BA8 /* NotificationSettings.swift */,
			);
			path = Models;
			sourceTree = "<group>";
		};
		7118694D02F71D099B4598D5 /* MetroSense */ = {
			isa = PBXGroup;
			children = (
				F3DAA8333A89FEB3A9954DD6 /* ContentView.swift */,
				4B860E1311A218F9535E0D19 /* MetroSenseApp.swift */,
				5727435CA9049B94A139E287 /* Models */,
				A3EECD00F4AB2016A790E36A /* Resources */,
				EACD03A596808EADB5DD2296 /* Services */,
				E5E87F9F9EDD76CF3DF13F3A /* ViewModels */,
				EE7C6D58533096DB4EC01B09 /* Views */,
			);
			path = MetroSense;
			sourceTree = "<group>";
		};
		A3EECD00F4AB2016A790E36A /* Resources */ = {
			isa = PBXGroup;
			children = (
				4DAE224E25AB5C6325640083 /* Assets.xcassets */,
				4D3821658957C4C13DBF697D /* Info.plist */,
			);
			path = Resources;
			sourceTree = "<group>";
		};
		B9CA9433513771352C750928 /* Products */ = {
			isa = PBXGroup;
			children = (
				9C2421502AA5169B997BE291 /* MetroSense.app */,
			);
			name = Products;
			sourceTree = "<group>";
		};
		E5E87F9F9EDD76CF3DF13F3A /* ViewModels */ = {
			isa = PBXGroup;
			children = (
				5B8BAB1520BB64FF777D1E86 /* MetroViewModel.swift */,
			);
			path = ViewModels;
			sourceTree = "<group>";
		};
		EACD03A596808EADB5DD2296 /* Services */ = {
			isa = PBXGroup;
			children = (
				76AE715724C3018308461364 /* LocationService.swift */,
				66DC1367451D3060AD2ADEAC /* NotificationService.swift */,
			);
			path = Services;
			sourceTree = "<group>";
		};
		EE7C6D58533096DB4EC01B09 /* Views */ = {
			isa = PBXGroup;
			children = (
				E0C416A9690EA5DEBE5C4784 /* MapContentView.swift */,
				06C154754907F423A6F5ECB3 /* MovementSettingsView.swift */,
				033B28468695ABC40411E0EF /* ProximitySettingsView.swift */,
				A46816E662033897D01B62A6 /* SettingsView.swift */,
				B764777F71F980FF1A1C6979 /* SplashScreen.swift */,
				BE943D5532AC0FE89616930E /* StationFilterPickerView.swift */,
				679D07887772747157738ED3 /* TestNotificationsView.swift */,
			);
			path = Views;
			sourceTree = "<group>";
		};
		F2CE998B1D0F8EDCB01FD878 = {
			isa = PBXGroup;
			children = (
				7118694D02F71D099B4598D5 /* MetroSense */,
				B9CA9433513771352C750928 /* Products */,
			);
			sourceTree = "<group>";
		};
/* End PBXGroup section */

/* Begin PBXNativeTarget section */
		F41A2E6F89DB32AEB68B769A /* MetroSense */ = {
			isa = PBXNativeTarget;
			buildConfigurationList = 0BFD979F9D89DB600157BE27 /* Build configuration list for PBXNativeTarget "MetroSense" */;
			buildPhases = (
				3B32D210FD60A9766C7CDB95 /* Sources */,
				1DA54554F98A261AF15BF800 /* Resources */,
			);
			buildRules = (
			);
			dependencies = (
			);
			name = MetroSense;
			packageProductDependencies = (
			);
			productName = MetroSense;
			productReference = 9C2421502AA5169B997BE291 /* MetroSense.app */;
			productType = "com.apple.product-type.application";
		};
/* End PBXNativeTarget section */

/* Begin PBXProject section */
		B0299D2946590EA43E5D4A37 /* Project object */ = {
			isa = PBXProject;
			attributes = {
				BuildIndependentTargetsInParallel = YES;
				LastUpgradeCheck = 2630;
				TargetAttributes = {
					F41A2E6F89DB32AEB68B769A = {
						DevelopmentTeam = E5787F652X;
					};
				};
			};
			buildConfigurationList = E6DAD90C79BE7DC11B49D7F6 /* Build configuration list for PBXProject "MetroSense" */;
			developmentRegion = en;
			hasScannedForEncodings = 0;
			knownRegions = (
				Base,
				en,
			);
			mainGroup = F2CE998B1D0F8EDCB01FD878;
			minimizedProjectReferenceProxies = 1;
			preferredProjectObjectVersion = 77;
			productRefGroup = B9CA9433513771352C750928 /* Products */;
			projectDirPath = "";
			projectRoot = "";
			targets = (
				F41A2E6F89DB32AEB68B769A /* MetroSense */,
			);
		};
/* End PBXProject section */

/* Begin PBXResourcesBuildPhase section */
		1DA54554F98A261AF15BF800 /* Resources */ = {
			isa = PBXResourcesBuildPhase;
			buildActionMask = 2147483647;
			files = (
				60466D3225B82933E5C98507 /* Assets.xcassets in Resources */,
			);
			runOnlyForDeploymentPostprocessing = 0;
		};
/* End PBXResourcesBuildPhase section */

/* Begin PBXSourcesBuildPhase section */
		3B32D210FD60A9766C7CDB95 /* Sources */ = {
			isa = PBXSourcesBuildPhase;
			buildActionMask = 2147483647;
			files = (
				0C7DFAD6DA55C5CFA8BB04ED /* ContentView.swift in Sources */,
				A6285064E544E4C9C9F2A585 /* LocationService.swift in Sources */,
				4FE4B7D5A619E9A3C255D02E /* MapContentView.swift in Sources */,
				C4F154BC3A49FB5E2314FF35 /* MetroLine.swift in Sources */,
				ACF3D20FDB85920502E664CA /* MetroSenseApp.swift in Sources */,
				EB37E135E77FCACF2C70C068 /* MetroStation.swift in Sources */,
				40D7299D802D58CD81088BB6 /* MetroTripState.swift in Sources */,
				FE5E1C6BB9ABAD0DAD64FF26 /* MetroViewModel.swift in Sources */,
				2D50D1BC925E68EF3AAB4C0E /* MovementSettingsView.swift in Sources */,
				2D100B05B71F7D0BF9EDB78E /* NotificationService.swift in Sources */,
				C628CB165B841562784910FB /* NotificationSettings.swift in Sources */,
				BDEA8D9D10B51FD3CB63E79E /* ProximitySettingsView.swift in Sources */,
				6FD5402AA4B21C8588F762FF /* SettingsView.swift in Sources */,
				A3270A9E3DBDF7B9D145F2FA /* SplashScreen.swift in Sources */,
				D99B99377918DDD079839B54 /* StationFilterPickerView.swift in Sources */,
				E9F1EEBE43C0CB9188C774F4 /* TestNotificationsView.swift in Sources */,
			);
			runOnlyForDeploymentPostprocessing = 0;
		};
/* End PBXSourcesBuildPhase section */

/* Begin XCBuildConfiguration section */
		73A0C4712E578712A1F1AF61 /* Release */ = {
			isa = XCBuildConfiguration;
			buildSettings = {
				ALWAYS_SEARCH_USER_PATHS = NO;
				ASSETCATALOG_COMPILER_GENERATE_SWIFT_ASSET_SYMBOL_EXTENSIONS = YES;
				CLANG_ANALYZER_NONNULL = YES;
				CLANG_ANALYZER_NUMBER_OBJECT_CONVERSION = YES_AGGRESSIVE;
				CLANG_CXX_LANGUAGE_STANDARD = "gnu++14";
				CLANG_CXX_LIBRARY = "libc++";
				CLANG_ENABLE_MODULES = YES;
				CLANG_ENABLE_OBJC_ARC = YES;
				CLANG_ENABLE_OBJC_WEAK = YES;
				CLANG_WARN_BLOCK_CAPTURE_AUTORELEASING = YES;
				CLANG_WARN_BOOL_CONVERSION = YES;
				CLANG_WARN_COMMA = YES;
				CLANG_WARN_CONSTANT_CONVERSION = YES;
				CLANG_WARN_DEPRECATED_OBJC_IMPLEMENTATIONS = YES;
				CLANG_WARN_DIRECT_OBJC_ISA_USAGE = YES_ERROR;
				CLANG_WARN_DOCUMENTATION_COMMENTS = YES;
				CLANG_WARN_EMPTY_BODY = YES;
				CLANG_WARN_ENUM_CONVERSION = YES;
				CLANG_WARN_INFINITE_RECURSION = YES;
				CLANG_WARN_INT_CONVERSION = YES;
				CLANG_WARN_NON_LITERAL_NULL_CONVERSION = YES;
				CLANG_WARN_OBJC_IMPLICIT_RETAIN_SELF = YES;
				CLANG_WARN_OBJC_LITERAL_CONVERSION = YES;
				CLANG_WARN_OBJC_ROOT_CLASS = YES_ERROR;
				CLANG_WARN_QUOTED_INCLUDE_IN_FRAMEWORK_HEADER = YES;
				CLANG_WARN_RANGE_LOOP_ANALYSIS = YES;
				CLANG_WARN_STRICT_PROTOTYPES = YES;
				CLANG_WARN_SUSPICIOUS_MOVE = YES;
				CLANG_WARN_UNGUARDED_AVAILABILITY = YES_AGGRESSIVE;
				CLANG_WARN_UNREACHABLE_CODE = YES;
				CLANG_WARN__DUPLICATE_METHOD_MATCH = YES;
				COPY_PHASE_STRIP = NO;
				DEBUG_INFORMATION_FORMAT = "dwarf-with-dsym";
				DEVELOPMENT_TEAM = E5787F652X;
				ENABLE_NS_ASSERTIONS = NO;
				ENABLE_STRICT_OBJC_MSGSEND = YES;
				ENABLE_USER_SCRIPT_SANDBOXING = YES;
				GCC_C_LANGUAGE_STANDARD = gnu11;
				GCC_NO_COMMON_BLOCKS = YES;
				GCC_WARN_64_TO_32_BIT_CONVERSION = YES;
				GCC_WARN_ABOUT_RETURN_TYPE = YES_ERROR;
				GCC_WARN_UNDECLARED_SELECTOR = YES;
				GCC_WARN_UNINITIALIZED_AUTOS = YES_AGGRESSIVE;
				GCC_WARN_UNUSED_FUNCTION = YES;
				GCC_WARN_UNUSED_VARIABLE = YES;
				IPHONEOS_DEPLOYMENT_TARGET = 17.0;
				MTL_ENABLE_DEBUG_INFO = NO;
				MTL_FAST_MATH = YES;
				PRODUCT_NAME = "$(TARGET_NAME)";
				SDKROOT = iphoneos;
				STRING_CATALOG_GENERATE_SYMBOLS = YES;
				SWIFT_COMPILATION_MODE = wholemodule;
				SWIFT_OPTIMIZATION_LEVEL = "-O";
				SWIFT_VERSION = 5.0;
			};
			name = Release;
		};
		892225970C845E3AD98780A9 /* Release */ = {
			isa = XCBuildConfiguration;
			buildSettings = {
				ASSETCATALOG_COMPILER_APPICON_NAME = AppIcon;
				CODE_SIGN_IDENTITY = "iPhone Developer";
				INFOPLIST_FILE = MetroSense/Resources/Info.plist;
				LD_RUNPATH_SEARCH_PATHS = (
					"$(inherited)",
					"@executable_path/Frameworks",
				);
				PRODUCT_BUNDLE_IDENTIFIER = com.metrosense.app;
				SDKROOT = iphoneos;
				SWIFT_VERSION = 5.9;
				TARGETED_DEVICE_FAMILY = "1,2";
			};
			name = Release;
		};
		9A3B8AEF4B6638E3EE9B72C4 /* Debug */ = {
			isa = XCBuildConfiguration;
			buildSettings = {
				ASSETCATALOG_COMPILER_APPICON_NAME = AppIcon;
				CODE_SIGN_IDENTITY = "iPhone Developer";
				INFOPLIST_FILE = MetroSense/Resources/Info.plist;
				LD_RUNPATH_SEARCH_PATHS = (
					"$(inherited)",
					"@executable_path/Frameworks",
				);
				PRODUCT_BUNDLE_IDENTIFIER = com.metrosense.app;
				SDKROOT = iphoneos;
				SWIFT_VERSION = 5.9;
				TARGETED_DEVICE_FAMILY = "1,2";
			};
			name = Debug;
		};
		E2B27FE88574BA8DDC0B212D /* Debug */ = {
			isa = XCBuildConfiguration;
			buildSettings = {
				ALWAYS_SEARCH_USER_PATHS = NO;
				ASSETCATALOG_COMPILER_GENERATE_SWIFT_ASSET_SYMBOL_EXTENSIONS = YES;
				CLANG_ANALYZER_NONNULL = YES;
				CLANG_ANALYZER_NUMBER_OBJECT_CONVERSION = YES_AGGRESSIVE;
				CLANG_CXX_LANGUAGE_STANDARD = "gnu++14";
				CLANG_CXX_LIBRARY = "libc++";
				CLANG_ENABLE_MODULES = YES;
				CLANG_ENABLE_OBJC_ARC = YES;
				CLANG_ENABLE_OBJC_WEAK = YES;
				CLANG_WARN_BLOCK_CAPTURE_AUTORELEASING = YES;
				CLANG_WARN_BOOL_CONVERSION = YES;
				CLANG_WARN_COMMA = YES;
				CLANG_WARN_CONSTANT_CONVERSION = YES;
				CLANG_WARN_DEPRECATED_OBJC_IMPLEMENTATIONS = YES;
				CLANG_WARN_DIRECT_OBJC_ISA_USAGE = YES_ERROR;
				CLANG_WARN_DOCUMENTATION_COMMENTS = YES;
				CLANG_WARN_EMPTY_BODY = YES;
				CLANG_WARN_ENUM_CONVERSION = YES;
				CLANG_WARN_INFINITE_RECURSION = YES;
				CLANG_WARN_INT_CONVERSION = YES;
				CLANG_WARN_NON_LITERAL_NULL_CONVERSION = YES;
				CLANG_WARN_OBJC_IMPLICIT_RETAIN_SELF = YES;
				CLANG_WARN_OBJC_LITERAL_CONVERSION = YES;
				CLANG_WARN_OBJC_ROOT_CLASS = YES_ERROR;
				CLANG_WARN_QUOTED_INCLUDE_IN_FRAMEWORK_HEADER = YES;
				CLANG_WARN_RANGE_LOOP_ANALYSIS = YES;
				CLANG_WARN_STRICT_PROTOTYPES = YES;
				CLANG_WARN_SUSPICIOUS_MOVE = YES;
				CLANG_WARN_UNGUARDED_AVAILABILITY = YES_AGGRESSIVE;
				CLANG_WARN_UNREACHABLE_CODE = YES;
				CLANG_WARN__DUPLICATE_METHOD_MATCH = YES;
				COPY_PHASE_STRIP = NO;
				DEBUG_INFORMATION_FORMAT = dwarf;
				DEVELOPMENT_TEAM = E5787F652X;
				ENABLE_STRICT_OBJC_MSGSEND = YES;
				ENABLE_TESTABILITY = YES;
				ENABLE_USER_SCRIPT_SANDBOXING = YES;
				GCC_C_LANGUAGE_STANDARD = gnu11;
				GCC_DYNAMIC_NO_PIC = NO;
				GCC_NO_COMMON_BLOCKS = YES;
				GCC_OPTIMIZATION_LEVEL = 0;
				GCC_PREPROCESSOR_DEFINITIONS = (
					"$(inherited)",
					"DEBUG=1",
				);
				GCC_WARN_64_TO_32_BIT_CONVERSION = YES;
				GCC_WARN_ABOUT_RETURN_TYPE = YES_ERROR;
				GCC_WARN_UNDECLARED_SELECTOR = YES;
				GCC_WARN_UNINITIALIZED_AUTOS = YES_AGGRESSIVE;
				GCC_WARN_UNUSED_FUNCTION = YES;
				GCC_WARN_UNUSED_VARIABLE = YES;
				IPHONEOS_DEPLOYMENT_TARGET = 17.0;
				MTL_ENABLE_DEBUG_INFO = INCLUDE_SOURCE;
				MTL_FAST_MATH = YES;
				ONLY_ACTIVE_ARCH = YES;
				PRODUCT_NAME = "$(TARGET_NAME)";
				SDKROOT = iphoneos;
				STRING_CATALOG_GENERATE_SYMBOLS = YES;
				SWIFT_ACTIVE_COMPILATION_CONDITIONS = DEBUG;
				SWIFT_OPTIMIZATION_LEVEL = "-Onone";
				SWIFT_VERSION = 5.0;
			};
			name = Debug;
		};
/* End XCBuildConfiguration section */

/* Begin XCConfigurationList section */
		0BFD979F9D89DB600157BE27 /* Build configuration list for PBXNativeTarget "MetroSense" */ = {
			isa = XCConfigurationList;
			buildConfigurations = (
				9A3B8AEF4B6638E3EE9B72C4 /* Debug */,
				892225970C845E3AD98780A9 /* Release */,
			);
			defaultConfigurationIsVisible = 0;
			defaultConfigurationName = Debug;
		};
		E6DAD90C79BE7DC11B49D7F6 /* Build configuration list for PBXProject "MetroSense" */ = {
			isa = XCConfigurationList;
			buildConfigurations = (
				E2B27FE88574BA8DDC0B212D /* Debug */,
				73A0C4712E578712A1F1AF61 /* Release */,
			);
			defaultConfigurationIsVisible = 0;
			defaultConfigurationName = Debug;
		};
/* End XCConfigurationList section */
	};
	rootObject = B0299D2946590EA43E5D4A37 /* Project object */;
}
